{
  "version": 4,
  "terraform_version": "1.14.3",
  "serial": 179,
  "lineage": "99bcf375-e0c5-60de-37db-1b05682455cc",
  "outputs": {
    "bastion_http_forward_command": {
      "value": "ssh -i ~/.ssh/id_ed25519 -N -L 9080:10.0.1.207:80 -p 22 ocid1.bastionsession.oc1.phx.amaaaaaaucmg5yaaegt3xvudmj6zaqbx3dwlzik662rcqogi3uhfrqxp72uq@host.bastion.us-phoenix-1.oci.oraclecloud.com",
      "type": "string"
    },
    "bastion_ssh_forward_command": {
      "value": "ssh -i ~/.ssh/id_ed25519 -N -L 9022:10.0.1.207:22 -p 22 ocid1.bastionsession.oc1.phx.amaaaaaaucmg5yaagfzmf4b3c5cgpyaeykenxslbvarn4x4idsznqls7zquq@host.bastion.us-phoenix-1.oci.oraclecloud.com",
      "type": "string"
    },
    "instance_private_ip": {
      "value": "10.0.1.207",
      "type": "string"
    },
    "nat_instance_public_ip": {
      "value": "129.153.216.146",
      "type": "string"
    }
  },
  "resources": [
    {
      "mode": "data",
      "type": "external",
      "name": "client_ip",
      "provider": "provider[\"registry.terraform.io/hashicorp/external\"]",
      "instances": [
        {
          "schema_version": 0,
          "attributes": {
            "id": "-",
            "program": [
              "sh",
              "-c",
              "echo \"{\\\"ip\\\": \\\"$(curl -s ifconfig.me)\\\"}\""
            ],
            "query": null,
            "result": {
              "ip": "73.14.127.96"
            },
            "working_dir": null
          },
          "sensitive_attributes": [],
          "identity_schema_version": 0
        }
      ]
    },
    {
      "mode": "data",
      "type": "oci_core_images",
      "name": "ubuntu",
      "provider": "provider[\"registry.terraform.io/oracle/oci\"]",
      "instances": [
        {
          "schema_version": 0,
          "attributes": {
            "compartment_id": "ocid1.tenancy.oc1..aaaaaaaarnrgcvyg3cirwqaxisiexplp3igeehmvpqfc2mzohckp7km6fv5q",
            "display_name": null,
            "filter": null,
            "id": "CoreImagesDataSource-4064935464",
            "images": [
              {
                "agent_features": [],
                "base_image_id": "",
                "billable_size_in_gbs": "3",
                "compartment_id": "",
                "create_image_allowed": true,
                "defined_tags": {},
                "display_name": "Canonical-Ubuntu-24.04-2025.10.31-0",
                "freeform_tags": {},
                "id": "ocid1.image.oc1.phx.aaaaaaaawcv7nuujttlzc3rdgw4svfbnbqlyh7cp5tje27wcseaipgdqm3eq",
                "image_source_details": [],
                "instance_id": "",
                "launch_mode": "NATIVE",
                "launch_options": [
                  {
                    "boot_volume_type": "PARAVIRTUALIZED",
                    "firmware": "UEFI_64",
                    "is_consistent_volume_naming_enabled": true,
                    "is_pv_encryption_in_transit_enabled": true,
                    "network_type": "PARAVIRTUALIZED",
                    "remote_data_volume_type": "PARAVIRTUALIZED"
                  }
                ],
                "listing_type": "",
                "operating_system": "Canonical Ubuntu",
                "operating_system_version": "24.04",
                "size_in_mbs": "47694",
                "state": "AVAILABLE",
                "time_created": "2025-11-11 05:23:50.375 +0000 UTC"
              },
              {
                "agent_features": [],
                "base_image_id": "",
                "billable_size_in_gbs": "3",
                "compartment_id": "",
                "create_image_allowed": true,
                "defined_tags": {},
                "display_name": "Canonical-Ubuntu-24.04-2025.09.22-0",
                "freeform_tags": {},
                "id": "ocid1.image.oc1.phx.aaaaaaaaapxmsyrankc3tnbeztzz6cznstvoeyqlyenrids3rmr3gvdn25kq",
                "image_source_details": [],
                "instance_id": "",
                "launch_mode": "NATIVE",
                "launch_options": [
                  {
                    "boot_volume_type": "PARAVIRTUALIZED",
                    "firmware": "UEFI_64",
                    "is_consistent_volume_naming_enabled": true,
                    "is_pv_encryption_in_transit_enabled": true,
                    "network_type": "PARAVIRTUALIZED",
                    "remote_data_volume_type": "PARAVIRTUALIZED"
                  }
                ],
                "listing_type": "",
                "operating_system": "Canonical Ubuntu",
                "operating_system_version": "24.04",
                "size_in_mbs": "47694",
                "state": "AVAILABLE",
                "time_created": "2025-10-02 14:25:16.341 +0000 UTC"
              },
              {
                "agent_features": [],
                "base_image_id": "",
                "billable_size_in_gbs": "3",
                "compartment_id": "",
                "create_image_allowed": true,
                "defined_tags": {},
                "display_name": "Canonical-Ubuntu-24.04-2025.07.23-0",
                "freeform_tags": {},
                "id": "ocid1.image.oc1.phx.aaaaaaaadz5y2j6nmkprnzwwrz7dojitjxmjtjvlqmmoi65sq2gubxtxo6bq",
                "image_source_details": [],
                "instance_id": "",
                "launch_mode": "NATIVE",
                "launch_options": [
                  {
                    "boot_volume_type": "PARAVIRTUALIZED",
                    "firmware": "UEFI_64",
                    "is_consistent_volume_naming_enabled": true,
                    "is_pv_encryption_in_transit_enabled": true,
                    "network_type": "PARAVIRTUALIZED",
                    "remote_data_volume_type": "PARAVIRTUALIZED"
                  }
                ],
                "listing_type": "",
                "operating_system": "Canonical Ubuntu",
                "operating_system_version": "24.04",
                "size_in_mbs": "47694",
                "state": "AVAILABLE",
                "time_created": "2025-08-01 09:13:28.39 +0000 UTC"
              }
            ],
            "operating_system": "Canonical Ubuntu",
            "operating_system_version": "24.04",
            "shape": "VM.Standard.E2.1.Micro",
            "sort_by": "TIMECREATED",
            "sort_order": "DESC",
            "state": null
          },
          "sensitive_attributes": [],
          "identity_schema_version": 0
        }
      ]
    },
    {
      "mode": "data",
      "type": "oci_core_private_ips",
      "name": "nat_private_ips",
      "provider": "provider[\"registry.terraform.io/oracle/oci\"]",
      "instances": [
        {
          "schema_version": 0,
          "attributes": {
            "filter": null,
            "id": "CorePrivateIpsDataSource-1693806131",
            "ip_address": null,
            "ip_state": null,
            "lifetime": null,
            "private_ips": [
              {
                "availability_domain": "moIN:PHX-AD-3",
                "cidr_prefix_length": 32,
                "compartment_id": "ocid1.tenancy.oc1..aaaaaaaarnrgcvyg3cirwqaxisiexplp3igeehmvpqfc2mzohckp7km6fv5q",
                "defined_tags": {
                  "Oracle-Tags.CreatedBy": "default/lance_johnston@yahoo.com",
                  "Oracle-Tags.CreatedOn": "2026-01-27T21:47:50.271Z"
                },
                "display_name": "nat-instance",
                "freeform_tags": {},
                "hostname_label": "",
                "id": "ocid1.privateip.oc1.phx.abyhqljtwsrmahz6udyrpntvkipofijarrj45agdz3c4mpf4cncj2witib4q",
                "ip_address": "10.0.0.10",
                "ip_state": "ASSIGNED",
                "ipv4subnet_cidr_at_creation": "",
                "is_primary": true,
                "is_reserved": false,
                "lifetime": "EPHEMERAL",
                "route_table_id": "",
                "subnet_id": "ocid1.subnet.oc1.phx.aaaaaaaaw365cdb334jzr2m2kgt2dkzalicwxq5fbemkvghbwxkiktxqxewq",
                "time_created": "2026-01-27 21:47:54.88 +0000 UTC",
                "vlan_id": "",
                "vnic_id": "ocid1.vnic.oc1.phx.abyhqljtdvqaiht5sp4s6nw5hpstjhacv76ihalkgpoxjrfuai5tdbm3kuea"
              }
            ],
            "subnet_id": null,
            "vlan_id": null,
            "vnic_id": "ocid1.vnic.oc1.phx.abyhqljtdvqaiht5sp4s6nw5hpstjhacv76ihalkgpoxjrfuai5tdbm3kuea"
          },
          "sensitive_attributes": [],
          "identity_schema_version": 0
        }
      ]
    },
    {
      "mode": "data",
      "type": "oci_core_vnic",
      "name": "nat_vnic",
      "provider": "provider[\"registry.terraform.io/oracle/oci\"]",
      "instances": [
        {
          "schema_version": 0,
          "attributes": {
            "availability_domain": "moIN:PHX-AD-3",
            "compartment_id": "ocid1.tenancy.oc1..aaaaaaaarnrgcvyg3cirwqaxisiexplp3igeehmvpqfc2mzohckp7km6fv5q",
            "defined_tags": {
              "Oracle-Tags.CreatedBy": "default/lance_johnston@yahoo.com",
              "Oracle-Tags.CreatedOn": "2026-01-27T21:47:50.271Z"
            },
            "display_name": "nat-instance",
            "freeform_tags": {},
            "hostname_label": null,
            "id": "ocid1.vnic.oc1.phx.abyhqljtdvqaiht5sp4s6nw5hpstjhacv76ihalkgpoxjrfuai5tdbm3kuea",
            "ipv6addresses": [],
            "is_primary": true,
            "mac_address": "02:00:17:0F:D1:20",
            "nsg_ids": [],
            "private_ip_address": "10.0.0.10",
            "public_ip_address": "129.153.216.146",
            "route_table_id": null,
            "security_attributes": {},
            "skip_source_dest_check": true,
            "state": "AVAILABLE",
            "subnet_id": "ocid1.subnet.oc1.phx.aaaaaaaaw365cdb334jzr2m2kgt2dkzalicwxq5fbemkvghbwxkiktxqxewq",
            "time_created": "2026-01-27 21:47:54.88 +0000 UTC",
            "vlan_id": null,
            "vnic_id": "ocid1.vnic.oc1.phx.abyhqljtdvqaiht5sp4s6nw5hpstjhacv76ihalkgpoxjrfuai5tdbm3kuea"
          },
          "sensitive_attributes": [],
          "identity_schema_version": 0
        }
      ]
    },
    {
      "mode": "data",
      "type": "oci_core_vnic_attachments",
      "name": "nat_vnic_attachments",
      "provider": "provider[\"registry.terraform.io/oracle/oci\"]",
      "instances": [
        {
          "schema_version": 0,
          "attributes": {
            "availability_domain": "moIN:PHX-AD-3",
            "compartment_id": "ocid1.tenancy.oc1..aaaaaaaarnrgcvyg3cirwqaxisiexplp3igeehmvpqfc2mzohckp7km6fv5q",
            "filter": null,
            "id": "CoreVnicAttachmentsDataSource-4257204149",
            "instance_id": "ocid1.instance.oc1.phx.anyhqljtucmg5yacycmvzdg6luxe5tcl4vp7jbw4n63eus2kqjlols7fdliq",
            "vnic_attachments": [
              {
                "availability_domain": "moIN:PHX-AD-3",
                "compartment_id": "ocid1.tenancy.oc1..aaaaaaaarnrgcvyg3cirwqaxisiexplp3igeehmvpqfc2mzohckp7km6fv5q",
                "create_vnic_details": [],
                "display_name": "",
                "id": "ocid1.vnicattachment.oc1.phx.anyhqljtucmg5yacnbabbpsnufw6tx6z3jggx7xjuo3loob3hy6v3yonbbqq",
                "instance_id": "ocid1.instance.oc1.phx.anyhqljtucmg5yacycmvzdg6luxe5tcl4vp7jbw4n63eus2kqjlols7fdliq",
                "nic_index": 0,
                "state": "ATTACHED",
                "subnet_id": "ocid1.subnet.oc1.phx.aaaaaaaaw365cdb334jzr2m2kgt2dkzalicwxq5fbemkvghbwxkiktxqxewq",
                "time_created": "2026-01-27 21:47:55.831 +0000 UTC",
                "vlan_id": "",
                "vlan_tag": 1070,
                "vnic_id": "ocid1.vnic.oc1.phx.abyhqljtdvqaiht5sp4s6nw5hpstjhacv76ihalkgpoxjrfuai5tdbm3kuea"
              }
            ],
            "vnic_id": null
          },
          "sensitive_attributes": [],
          "identity_schema_version": 0
        }
      ]
    },
    {
      "mode": "managed",
      "type": "oci_bastion_bastion",
      "name": "this",
      "provider": "provider[\"registry.terraform.io/oracle/oci\"]",
      "instances": [
        {
          "schema_version": 0,
          "attributes": {
            "bastion_type": "STANDARD",
            "client_cidr_block_allow_list": [
              "10.0.0.0/16",
              "73.14.127.96/32"
            ],
            "compartment_id": "ocid1.tenancy.oc1..aaaaaaaarnrgcvyg3cirwqaxisiexplp3igeehmvpqfc2mzohckp7km6fv5q",
            "defined_tags": {
              "Oracle-Tags.CreatedBy": "default/lance_johnston@yahoo.com",
              "Oracle-Tags.CreatedOn": "2026-01-27T21:48:29.908Z"
            },
            "dns_proxy_status": "DISABLED",
            "freeform_tags": {},
            "id": "ocid1.bastion.oc1.phx.amaaaaaaucmg5yaa5zp2jazoa7i6yjflvp75lyoomd5hl7elj2zsx6g5ozaa",
            "lifecycle_details": null,
            "max_session_ttl_in_seconds": 10800,
            "max_sessions_allowed": 20,
            "name": "dev-bastion",
            "phone_book_entry": null,
            "private_endpoint_ip_address": "10.0.1.59",
            "security_attributes": {},
            "state": "ACTIVE",
            "static_jump_host_ip_addresses": [],
            "system_tags": {},
            "target_subnet_id": "ocid1.subnet.oc1.phx.aaaaaaaaff5at5qu5lyrjayl227iew7nsbp7tzde4kn7gjkzagl4oq2xssfa",
            "target_vcn_id": "ocid1.vcn.oc1.phx.amaaaaaaucmg5yaaqqjjopklen5am3quhuek2hyczc6dcof3lpqsw2m2nkyq",
            "time_created": "2026-01-27 21:48:32.905 +0000 UTC",
            "time_updated": "2026-01-27 21:50:00.535 +0000 UTC",
            "timeouts": null
          },
          "sensitive_attributes": [],
          "identity_schema_version": 0,
          "private": "eyJlMmJmYjczMC1lY2FhLTExZTYtOGY4OC0zNDM2M2JjN2M0YzAiOnsiY3JlYXRlIjoxMjAwMDAwMDAwMDAwLCJkZWxldGUiOjEyMDAwMDAwMDAwMDAsInVwZGF0ZSI6MTIwMDAwMDAwMDAwMH19",
          "dependencies": [
            "data.external.client_ip",
            "data.oci_core_images.ubuntu",
            "data.oci_core_private_ips.nat_private_ips",
            "data.oci_core_vnic.nat_vnic",
            "data.oci_core_vnic_attachments.nat_vnic_attachments",
            "oci_core_instance.nat",
            "oci_core_internet_gateway.igw",
            "oci_core_route_table.private_rt",
            "oci_core_route_table.public_rt",
            "oci_core_security_list.private_sl",
            "oci_core_subnet.private",
            "oci_core_subnet.public",
            "oci_core_vcn.this"
          ]
        }
      ]
    },
    {
      "mode": "managed",
      "type": "oci_bastion_session",
      "name": "http_forward",
      "provider": "provider[\"registry.terraform.io/oracle/oci\"]",
      "instances": [
        {
          "schema_version": 0,
          "attributes": {
            "bastion_id": "ocid1.bastion.oc1.phx.amaaaaaaucmg5yaa5zp2jazoa7i6yjflvp75lyoomd5hl7elj2zsx6g5ozaa",
            "bastion_name": "dev-bastion",
            "bastion_public_host_key_info": null,
            "bastion_user_name": "ocid1.bastionsession.oc1.phx.amaaaaaaucmg5yaaegt3xvudmj6zaqbx3dwlzik662rcqogi3uhfrqxp72uq",
            "display_name": "http-port-forward",
            "id": "ocid1.bastionsession.oc1.phx.amaaaaaaucmg5yaaegt3xvudmj6zaqbx3dwlzik662rcqogi3uhfrqxp72uq",
            "key_details": [
              {
                "public_key_content": "ssh-ed25519 AAAAC3NzaC1lZDI1NTE5AAAAIPkago8QrF8c439yxbXUvHf6sr6CpAmrP7LnY5dAyLxp lance_johnston@yahoo.com\n"
              }
            ],
            "key_type": "PUB",
            "lifecycle_details": null,
            "session_ttl_in_seconds": 10800,
            "ssh_metadata": {
              "command": "ssh -i \u003cprivateKey\u003e -N -L \u003clocalPort\u003e:10.0.1.207:80 -p 22 ocid1.bastionsession.oc1.phx.amaaaaaaucmg5yaaegt3xvudmj6zaqbx3dwlzik662rcqogi3uhfrqxp72uq@host.bastion.us-phoenix-1.oci.oraclecloud.com"
            },
            "state": "ACTIVE",
            "target_resource_details": [
              {
                "session_type": "PORT_FORWARDING",
                "target_resource_display_name": "",
                "target_resource_fqdn": "",
                "target_resource_id": "ocid1.instance.oc1.phx.anyhqljtucmg5yacgtx3mdigheeoeu22ffm5hiecwbtmzc6ra7umfmtll3gq",
                "target_resource_operating_system_user_name": "",
                "target_resource_port": 80,
                "target_resource_private_ip_address": "10.0.1.207"
              }
            ],
            "time_created": "2026-01-27 21:50:22.664 +0000 UTC",
            "time_updated": "2026-01-27 21:50:26.794 +0000 UTC",
            "timeouts": null
          },
          "sensitive_attributes": [],
          "identity_schema_version": 0,
          "private": "eyJlMmJmYjczMC1lY2FhLTExZTYtOGY4OC0zNDM2M2JjN2M0YzAiOnsiY3JlYXRlIjoxMjAwMDAwMDAwMDAwLCJkZWxldGUiOjEyMDAwMDAwMDAwMDAsInVwZGF0ZSI6MTIwMDAwMDAwMDAwMH19",
          "dependencies": [
            "data.external.client_ip",
            "data.oci_core_images.ubuntu",
            "data.oci_core_private_ips.nat_private_ips",
            "data.oci_core_vnic.nat_vnic",
            "data.oci_core_vnic_attachments.nat_vnic_attachments",
            "oci_bastion_bastion.this",
            "oci_core_instance.app",
            "oci_core_instance.nat",
            "oci_core_internet_gateway.igw",
            "oci_core_route_table.private_rt",
            "oci_core_route_table.public_rt",
            "oci_core_security_list.private_sl",
            "oci_core_subnet.private",
            "oci_core_subnet.public",
            "oci_core_vcn.this"
          ]
        }
      ]
    },
    {
      "mode": "managed",
      "type": "oci_bastion_session",
      "name": "ssh_forward",
      "provider": "provider[\"registry.terraform.io/oracle/oci\"]",
      "instances": [
        {
          "schema_version": 0,
          "attributes": {
            "bastion_id": "ocid1.bastion.oc1.phx.amaaaaaaucmg5yaa5zp2jazoa7i6yjflvp75lyoomd5hl7elj2zsx6g5ozaa",
            "bastion_name": "dev-bastion",
            "bastion_public_host_key_info": null,
            "bastion_user_name": "ocid1.bastionsession.oc1.phx.amaaaaaaucmg5yaagfzmf4b3c5cgpyaeykenxslbvarn4x4idsznqls7zquq",
            "display_name": "ssh-port-forward",
            "id": "ocid1.bastionsession.oc1.phx.amaaaaaaucmg5yaagfzmf4b3c5cgpyaeykenxslbvarn4x4idsznqls7zquq",
            "key_details": [
              {
                "public_key_content": "ssh-ed25519 AAAAC3NzaC1lZDI1NTE5AAAAIPkago8QrF8c439yxbXUvHf6sr6CpAmrP7LnY5dAyLxp lance_johnston@yahoo.com\n"
              }
            ],
            "key_type": "PUB",
            "lifecycle_details": null,
            "session_ttl_in_seconds": 10800,
            "ssh_metadata": {
              "command": "ssh -i \u003cprivateKey\u003e -N -L \u003clocalPort\u003e:10.0.1.207:22 -p 22 ocid1.bastionsession.oc1.phx.amaaaaaaucmg5yaagfzmf4b3c5cgpyaeykenxslbvarn4x4idsznqls7zquq@host.bastion.us-phoenix-1.oci.oraclecloud.com"
            },
            "state": "ACTIVE",
            "target_resource_details": [
              {
                "session_type": "PORT_FORWARDING",
                "target_resource_display_name": "",
                "target_resource_fqdn": "",
                "target_resource_id": "ocid1.instance.oc1.phx.anyhqljtucmg5yacgtx3mdigheeoeu22ffm5hiecwbtmzc6ra7umfmtll3gq",
                "target_resource_operating_system_user_name": "",
                "target_resource_port": 22,
                "target_resource_private_ip_address": "10.0.1.207"
              }
            ],
            "time_created": "2026-01-27 21:50:22.326 +0000 UTC",
            "time_updated": "2026-01-27 21:50:27.252 +0000 UTC",
            "timeouts": null
          },
          "sensitive_attributes": [],
          "identity_schema_version": 0,
          "private": "eyJlMmJmYjczMC1lY2FhLTExZTYtOGY4OC0zNDM2M2JjN2M0YzAiOnsiY3JlYXRlIjoxMjAwMDAwMDAwMDAwLCJkZWxldGUiOjEyMDAwMDAwMDAwMDAsInVwZGF0ZSI6MTIwMDAwMDAwMDAwMH19",
          "dependencies": [
            "data.external.client_ip",
            "data.oci_core_images.ubuntu",
            "data.oci_core_private_ips.nat_private_ips",
            "data.oci_core_vnic.nat_vnic",
            "data.oci_core_vnic_attachments.nat_vnic_attachments",
            "oci_bastion_bastion.this",
            "oci_core_instance.app",
            "oci_core_instance.nat",
            "oci_core_internet_gateway.igw",
            "oci_core_route_table.private_rt",
            "oci_core_route_table.public_rt",
            "oci_core_security_list.private_sl",
            "oci_core_subnet.private",
            "oci_core_subnet.public",
            "oci_core_vcn.this"
          ]
        }
      ]
    },
    {
      "mode": "managed",
      "type": "oci_core_default_security_list",
      "name": "default_sl",
      "provider": "provider[\"registry.terraform.io/oracle/oci\"]",
      "instances": [
        {
          "schema_version": 0,
          "attributes": {
            "compartment_id": "ocid1.tenancy.oc1..aaaaaaaarnrgcvyg3cirwqaxisiexplp3igeehmvpqfc2mzohckp7km6fv5q",
            "defined_tags": {
              "Oracle-Tags.CreatedBy": "default/lance_johnston@yahoo.com",
              "Oracle-Tags.CreatedOn": "2026-01-27T21:47:46.981Z"
            },
            "display_name": "Default Security List for dev-vcn",
            "egress_security_rules": [
              {
                "description": "Allow all outgoing traffic",
                "destination": "0.0.0.0/0",
                "destination_type": "CIDR_BLOCK",
                "icmp_options": [],
                "protocol": "all",
                "stateless": false,
                "tcp_options": [],
                "udp_options": []
              }
            ],
            "freeform_tags": {},
            "id": "ocid1.securitylist.oc1.phx.aaaaaaaao5ix4uyiunm54zmyr6ugbqxoxueutb2uvwxhjzx4ixzgvoqor57a",
            "ingress_security_rules": [
              {
                "description": "",
                "icmp_options": [],
                "protocol": "all",
                "source": "10.0.1.0/24",
                "source_type": "CIDR_BLOCK",
                "stateless": false,
                "tcp_options": [],
                "udp_options": []
              },
              {
                "description": "Allow HTTP within VCN",
                "icmp_options": [],
                "protocol": "6",
                "source": "10.0.0.0/16",
                "source_type": "CIDR_BLOCK",
                "stateless": false,
                "tcp_options": [
                  {
                    "max": 80,
                    "min": 80,
                    "source_port_range": []
                  }
                ],
                "udp_options": []
              },
              {
                "description": "Allow SSH",
                "icmp_options": [],
                "protocol": "6",
                "source": "0.0.0.0/0",
                "source_type": "CIDR_BLOCK",
                "stateless": false,
                "tcp_options": [
                  {
                    "max": 22,
                    "min": 22,
                    "source_port_range": []
                  }
                ],
                "udp_options": []
              }
            ],
            "manage_default_resource_id": "ocid1.securitylist.oc1.phx.aaaaaaaao5ix4uyiunm54zmyr6ugbqxoxueutb2uvwxhjzx4ixzgvoqor57a",
            "state": "AVAILABLE",
            "time_created": "2026-01-27 21:47:47.033 +0000 UTC",
            "timeouts": null
          },
          "sensitive_attributes": [],
          "identity_schema_version": 0,
          "private": "eyJlMmJmYjczMC1lY2FhLTExZTYtOGY4OC0zNDM2M2JjN2M0YzAiOnsiY3JlYXRlIjoxMjAwMDAwMDAwMDAwLCJkZWxldGUiOjEyMDAwMDAwMDAwMDAsInVwZGF0ZSI6MTIwMDAwMDAwMDAwMH19",
          "dependencies": [
            "oci_core_vcn.this"
          ]
        }
      ]
    },
    {
      "mode": "managed",
      "type": "oci_core_instance",
      "name": "app",
      "provider": "provider[\"registry.terraform.io/oracle/oci\"]",
      "instances": [
        {
          "schema_version": 0,
          "attributes": {
            "agent_config": [
              {
                "are_all_plugins_disabled": false,
                "is_management_disabled": false,
                "is_monitoring_disabled": false,
                "plugins_config": []
              }
            ],
            "async": null,
            "availability_config": [
              {
                "is_live_migration_preferred": false,
                "recovery_action": "RESTORE_INSTANCE"
              }
            ],
            "availability_domain": "moIN:PHX-AD-3",
            "boot_volume_id": "ocid1.bootvolume.oc1.phx.abyhqljt47ry4lfx32tjkqocdgxktbdaqdrsk4nwt7gu5a3ele24ayfw5gka",
            "capacity_reservation_id": null,
            "cluster_placement_group_id": null,
            "compartment_id": "ocid1.tenancy.oc1..aaaaaaaarnrgcvyg3cirwqaxisiexplp3igeehmvpqfc2mzohckp7km6fv5q",
            "compute_cluster_id": null,
            "create_vnic_details": [
              {
                "assign_ipv6ip": false,
                "assign_private_dns_record": false,
                "assign_public_ip": "false",
                "defined_tags": {
                  "Oracle-Tags.CreatedBy": "default/lance_johnston@yahoo.com",
                  "Oracle-Tags.CreatedOn": "2026-01-27T21:48:29.849Z"
                },
                "display_name": "private-app",
                "freeform_tags": {},
                "hostname_label": "private-app",
                "ipv6address_ipv6subnet_cidr_pair_details": [],
                "nsg_ids": [],
                "private_ip": "10.0.1.207",
                "security_attributes": {},
                "skip_source_dest_check": false,
                "subnet_cidr": "",
                "subnet_id": "ocid1.subnet.oc1.phx.aaaaaaaaff5at5qu5lyrjayl227iew7nsbp7tzde4kn7gjkzagl4oq2xssfa",
                "vlan_id": ""
              }
            ],
            "dedicated_vm_host_id": null,
            "defined_tags": {
              "Oracle-Tags.CreatedBy": "default/lance_johnston@yahoo.com",
              "Oracle-Tags.CreatedOn": "2026-01-27T21:48:29.740Z"
            },
            "display_name": "private-app",
            "extended_metadata": {},
            "fault_domain": "FAULT-DOMAIN-1",
            "freeform_tags": {},
            "hostname_label": "private-app",
            "id": "ocid1.instance.oc1.phx.anyhqljtucmg5yacgtx3mdigheeoeu22ffm5hiecwbtmzc6ra7umfmtll3gq",
            "image": "ocid1.image.oc1.phx.aaaaaaaawcv7nuujttlzc3rdgw4svfbnbqlyh7cp5tje27wcseaipgdqm3eq",
            "instance_configuration_id": null,
            "instance_options": [
              {
                "are_legacy_imds_endpoints_disabled": false
              }
            ],
            "ipxe_script": null,
            "is_ai_enterprise_enabled": null,
            "is_cross_numa_node": false,
            "is_pv_encryption_in_transit_enabled": null,
            "launch_mode": "PARAVIRTUALIZED",
            "launch_options": [
              {
                "boot_volume_type": "PARAVIRTUALIZED",
                "firmware": "UEFI_64",
                "is_consistent_volume_naming_enabled": true,
                "is_pv_encryption_in_transit_enabled": false,
                "network_type": "PARAVIRTUALIZED",
                "remote_data_volume_type": "PARAVIRTUALIZED"
              }
            ],
            "launch_volume_attachments": null,
            "licensing_configs": [],
            "metadata": {
              "ssh_authorized_keys": "ssh-ed25519 AAAAC3NzaC1lZDI1NTE5AAAAIPkago8QrF8c439yxbXUvHf6sr6CpAmrP7LnY5dAyLxp lance_johnston@yahoo.com\n",
              "user_data": "IyEvYmluL2Jhc2gKc2V0IC1lCmlwdGFibGVzIC1GCmlwdGFibGVzIC1YCmlwdGFibGVzIC1QIElOUFVUIERST1AKaXB0YWJsZXMgLVAgRk9SV0FSRCBEUk9QCmlwdGFibGVzIC1QIE9VVFBVVCBBQ0NFUFQKaXB0YWJsZXMgLUEgSU5QVVQgLWkgbG8gLWogQUNDRVBUCmlwdGFibGVzIC1BIElOUFVUIC1tIGNvbm50cmFjayAtLWN0c3RhdGUgRVNUQUJMSVNIRUQsUkVMQVRFRCAtaiBBQ0NFUFQKaXB0YWJsZXMgLUEgSU5QVVQgLXMgMTAuMC4wLjAvMTYgLWogQUNDRVBUCm5ldGZpbHRlci1wZXJzaXN0ZW50IHNhdmUKCiMgVGhlIGFsd2F5cyBmcmVlIGFtZCBPQ0kgaW5zdGFuY2VzIG9ubHkgaGF2ZSAxR0Igb2YgbWVtb3J5LgojIEFkZCBzd2FwIGFuZCBzZXQgZG9ja2VyIGNvbXBvc2UgcmVzb3VyY2UgbGltaXRzIHRvIGhlbHAuCmZhbGxvY2F0ZSAtbCA0RyAvc3dhcGZpbGUKY2htb2QgNjAwIC9zd2FwZmlsZQpta3N3YXAgL3N3YXBmaWxlCnN3YXBvbiAvc3dhcGZpbGUKZWNobyAnL3N3YXBmaWxlIHN3YXAgc3dhcCBkZWZhdWx0cyAwIDAnID4+IC9ldGMvZnN0YWIKCmVjaG8gInNldCAtbyB2aSIgPj4gL2hvbWUvdWJ1bnR1Ly5iYXNocmMKCmVjaG8gIlByaXZhdGUgaW5zdGFuY2UgaW5pdGlhbGl6YXRpb24gY29tcGxldGUuIgo="
            },
            "placement_constraint_details": [],
            "platform_config": [],
            "preemptible_instance_config": [],
            "preserve_boot_volume": null,
            "preserve_data_volumes_created_at_launch": null,
            "private_ip": "10.0.1.207",
            "public_ip": "",
            "region": "phx",
            "security_attributes": {},
            "security_attributes_state": "STABLE",
            "shape": "VM.Standard.E2.1.Micro",
            "shape_config": [
              {
                "baseline_ocpu_utilization": "",
                "gpu_description": "",
                "gpus": 0,
                "local_disk_description": "",
                "local_disks": 0,
                "local_disks_total_size_in_gbs": 0,
                "max_vnic_attachments": 1,
                "memory_in_gbs": 1,
                "networking_bandwidth_in_gbps": 0.47999998927116394,
                "nvmes": 0,
                "ocpus": 1,
                "processor_description": "2.0 GHz AMD EPYC™ 7551 (Naples)",
                "resource_management": "",
                "vcpus": 2
              }
            ],
            "source_details": [
              {
                "boot_volume_size_in_gbs": "47",
                "boot_volume_vpus_per_gb": "10",
                "instance_source_image_filter_details": [],
                "is_preserve_boot_volume_enabled": false,
                "kms_key_id": "",
                "source_id": "ocid1.image.oc1.phx.aaaaaaaawcv7nuujttlzc3rdgw4svfbnbqlyh7cp5tje27wcseaipgdqm3eq",
                "source_type": "image"
              }
            ],
            "state": "RUNNING",
            "subnet_id": "ocid1.subnet.oc1.phx.aaaaaaaaff5at5qu5lyrjayl227iew7nsbp7tzde4kn7gjkzagl4oq2xssfa",
            "system_tags": {
              "orcl-cloud.free-tier-retained": "true"
            },
            "time_created": "2026-01-27 21:48:30.199 +0000 UTC",
            "time_maintenance_reboot_due": "",
            "timeouts": null,
            "update_operation_constraint": null
          },
          "sensitive_attributes": [],
          "identity_schema_version": 0,
          "private": "eyJlMmJmYjczMC1lY2FhLTExZTYtOGY4OC0zNDM2M2JjN2M0YzAiOnsiY3JlYXRlIjoyNzAwMDAwMDAwMDAwLCJkZWxldGUiOjQ1MDAwMDAwMDAwMDAsInVwZGF0ZSI6MjcwMDAwMDAwMDAwMH19",
          "dependencies": [
            "data.oci_core_images.ubuntu",
            "data.oci_core_private_ips.nat_private_ips",
            "data.oci_core_vnic.nat_vnic",
            "data.oci_core_vnic_attachments.nat_vnic_attachments",
            "oci_core_instance.nat",
            "oci_core_internet_gateway.igw",
            "oci_core_route_table.private_rt",
            "oci_core_route_table.public_rt",
            "oci_core_security_list.private_sl",
            "oci_core_subnet.private",
            "oci_core_subnet.public",
            "oci_core_vcn.this"
          ]
        }
      ]
    },
    {
      "mode": "managed",
      "type": "oci_core_instance",
      "name": "nat",
      "provider": "provider[\"registry.terraform.io/oracle/oci\"]",
      "instances": [
        {
          "schema_version": 0,
          "attributes": {
            "agent_config": [
              {
                "are_all_plugins_disabled": false,
                "is_management_disabled": false,
                "is_monitoring_disabled": false,
                "plugins_config": []
              }
            ],
            "async": null,
            "availability_config": [
              {
                "is_live_migration_preferred": false,
                "recovery_action": "RESTORE_INSTANCE"
              }
            ],
            "availability_domain": "moIN:PHX-AD-3",
            "boot_volume_id": "ocid1.bootvolume.oc1.phx.abyhqljteca3ujfhug5vafn4yfb2yoo667sgnnn2gtqpgngd7322bi6h6noa",
            "capacity_reservation_id": null,
            "cluster_placement_group_id": null,
            "compartment_id": "ocid1.tenancy.oc1..aaaaaaaarnrgcvyg3cirwqaxisiexplp3igeehmvpqfc2mzohckp7km6fv5q",
            "compute_cluster_id": null,
            "create_vnic_details": [
              {
                "assign_ipv6ip": false,
                "assign_private_dns_record": false,
                "assign_public_ip": "true",
                "defined_tags": {
                  "Oracle-Tags.CreatedBy": "default/lance_johnston@yahoo.com",
                  "Oracle-Tags.CreatedOn": "2026-01-27T21:47:50.271Z"
                },
                "display_name": "nat-instance",
                "freeform_tags": {},
                "hostname_label": "",
                "ipv6address_ipv6subnet_cidr_pair_details": [],
                "nsg_ids": [],
                "private_ip": "10.0.0.10",
                "security_attributes": {},
                "skip_source_dest_check": true,
                "subnet_cidr": "",
                "subnet_id": "ocid1.subnet.oc1.phx.aaaaaaaaw365cdb334jzr2m2kgt2dkzalicwxq5fbemkvghbwxkiktxqxewq",
                "vlan_id": ""
              }
            ],
            "dedicated_vm_host_id": null,
            "defined_tags": {
              "Oracle-Tags.CreatedBy": "default/lance_johnston@yahoo.com",
              "Oracle-Tags.CreatedOn": "2026-01-27T21:47:50.201Z"
            },
            "display_name": "nat-instance",
            "extended_metadata": {},
            "fault_domain": "FAULT-DOMAIN-1",
            "freeform_tags": {},
            "hostname_label": "",
            "id": "ocid1.instance.oc1.phx.anyhqljtucmg5yacycmvzdg6luxe5tcl4vp7jbw4n63eus2kqjlols7fdliq",
            "image": "ocid1.image.oc1.phx.aaaaaaaawcv7nuujttlzc3rdgw4svfbnbqlyh7cp5tje27wcseaipgdqm3eq",
            "instance_configuration_id": null,
            "instance_options": [
              {
                "are_legacy_imds_endpoints_disabled": false
              }
            ],
            "ipxe_script": null,
            "is_ai_enterprise_enabled": null,
            "is_cross_numa_node": false,
            "is_pv_encryption_in_transit_enabled": null,
            "launch_mode": "PARAVIRTUALIZED",
            "launch_options": [
              {
                "boot_volume_type": "PARAVIRTUALIZED",
                "firmware": "UEFI_64",
                "is_consistent_volume_naming_enabled": true,
                "is_pv_encryption_in_transit_enabled": false,
                "network_type": "PARAVIRTUALIZED",
                "remote_data_volume_type": "PARAVIRTUALIZED"
              }
            ],
            "launch_volume_attachments": null,
            "licensing_configs": [],
            "metadata": {
              "ssh_authorized_keys": "ssh-ed25519 AAAAC3NzaC1lZDI1NTE5AAAAIPkago8QrF8c439yxbXUvHf6sr6CpAmrP7LnY5dAyLxp lance_johnston@yahoo.com\n",
              "user_data": "IyEvYmluL2Jhc2gKc2V0IC1ldXhvIHBpcGVmYWlsCgojIEVuYWJsZSBJUHY0IGZvcndhcmRpbmcKc3lzY3RsIC13IG5ldC5pcHY0LmlwX2ZvcndhcmQ9MQplY2hvICJuZXQuaXB2NC5pcF9mb3J3YXJkPTEiID4gL2V0Yy9zeXNjdGwuZC85OS1uYXQuY29uZgpzeXNjdGwgLS1zeXN0ZW0KCiMgQ2xlYXIgZXhpc3RpbmcgRk9SV0FSRCBydWxlcwppcHRhYmxlcyAtRiBGT1JXQVJECmlwdGFibGVzIC10IG5hdCAtRiBQT1NUUk9VVElORwoKIyBOQVQ6IE1BU1FVRVJBREUgZm9yIHByaXZhdGUgc3VibmV0CmlwdGFibGVzIC10IG5hdCAtQSBQT1NUUk9VVElORyAtcyAiMTAuMC4xLjAvMjQiIC1vIGVuczMgLWogTUFTUVVFUkFERQoKIyBBbGxvdyB0cmFmZmljIGZyb20gcHJpdmF0ZSBzdWJuZXQgdG8gYW55d2hlcmUKaXB0YWJsZXMgLUEgRk9SV0FSRCAtcyAiMTAuMC4xLjAvMjQiIC1qIEFDQ0VQVAoKIyBBbGxvdyByZXR1cm4gdHJhZmZpYyBmcm9tIGFueXdoZXJlIHRvIHByaXZhdGUgc3VibmV0IChzdGF0ZWZ1bCkKaXB0YWJsZXMgLUEgRk9SV0FSRCAtZCAiMTAuMC4xLjAvMjQiIC1tIHN0YXRlIC0tc3RhdGUgRVNUQUJMSVNIRUQsUkVMQVRFRCAtaiBBQ0NFUFQKCiMgT3B0aW9uYWw6IFJlamVjdCBhbnl0aGluZyBlbHNlIGV4cGxpY2l0bHkgKGFkZHMgY2xhcml0eSkKaXB0YWJsZXMgLUEgRk9SV0FSRCAtaiBSRUpFQ1QgLS1yZWplY3Qtd2l0aCBpY21wLWhvc3QtcHJvaGliaXRlZAoKIyBQZXJzaXN0IHJ1bGVzCm5ldGZpbHRlci1wZXJzaXN0ZW50IHNhdmUKCmVjaG8gInNldCAtbyB2aSIgPj4gL2hvbWUvdWJ1bnR1Ly5iYXNocmMKCmVjaG8gIk5BVCBpbnN0YW5jZSBpbml0aWFsaXphdGlvbiBjb21wbGV0ZS4iCg=="
            },
            "placement_constraint_details": [],
            "platform_config": [],
            "preemptible_instance_config": [],
            "preserve_boot_volume": null,
            "preserve_data_volumes_created_at_launch": null,
            "private_ip": "10.0.0.10",
            "public_ip": "129.153.216.146",
            "region": "phx",
            "security_attributes": {},
            "security_attributes_state": "STABLE",
            "shape": "VM.Standard.E2.1.Micro",
            "shape_config": [
              {
                "baseline_ocpu_utilization": "",
                "gpu_description": "",
                "gpus": 0,
                "local_disk_description": "",
                "local_disks": 0,
                "local_disks_total_size_in_gbs": 0,
                "max_vnic_attachments": 1,
                "memory_in_gbs": 1,
                "networking_bandwidth_in_gbps": 0.47999998927116394,
                "nvmes": 0,
                "ocpus": 1,
                "processor_description": "2.0 GHz AMD EPYC™ 7551 (Naples)",
                "resource_management": "",
                "vcpus": 2
              }
            ],
            "source_details": [
              {
                "boot_volume_size_in_gbs": "47",
                "boot_volume_vpus_per_gb": "10",
                "instance_source_image_filter_details": [],
                "is_preserve_boot_volume_enabled": false,
                "kms_key_id": "",
                "source_id": "ocid1.image.oc1.phx.aaaaaaaawcv7nuujttlzc3rdgw4svfbnbqlyh7cp5tje27wcseaipgdqm3eq",
                "source_type": "image"
              }
            ],
            "state": "RUNNING",
            "subnet_id": "ocid1.subnet.oc1.phx.aaaaaaaaw365cdb334jzr2m2kgt2dkzalicwxq5fbemkvghbwxkiktxqxewq",
            "system_tags": {
              "orcl-cloud.free-tier-retained": "true"
            },
            "time_created": "2026-01-27 21:47:50.587 +0000 UTC",
            "time_maintenance_reboot_due": "",
            "timeouts": null,
            "update_operation_constraint": null
          },
          "sensitive_attributes": [],
          "identity_schema_version": 0,
          "private": "eyJlMmJmYjczMC1lY2FhLTExZTYtOGY4OC0zNDM2M2JjN2M0YzAiOnsiY3JlYXRlIjoyNzAwMDAwMDAwMDAwLCJkZWxldGUiOjQ1MDAwMDAwMDAwMDAsInVwZGF0ZSI6MjcwMDAwMDAwMDAwMH19",
          "dependencies": [
            "data.oci_core_images.ubuntu",
            "oci_core_internet_gateway.igw",
            "oci_core_route_table.public_rt",
            "oci_core_subnet.public",
            "oci_core_vcn.this"
          ]
        }
      ]
    },
    {
      "mode": "managed",
      "type": "oci_core_internet_gateway",
      "name": "igw",
      "provider": "provider[\"registry.terraform.io/oracle/oci\"]",
      "instances": [
        {
          "schema_version": 0,
          "attributes": {
            "compartment_id": "ocid1.tenancy.oc1..aaaaaaaarnrgcvyg3cirwqaxisiexplp3igeehmvpqfc2mzohckp7km6fv5q",
            "defined_tags": {
              "Oracle-Tags.CreatedBy": "default/lance_johnston@yahoo.com",
              "Oracle-Tags.CreatedOn": "2026-01-27T21:47:47.871Z"
            },
            "display_name": "internet-gateway",
            "enabled": true,
            "freeform_tags": {},
            "id": "ocid1.internetgateway.oc1.phx.aaaaaaaa3b5fz3nd5toppctwx242a6dslwasmdjtcg5q2xtwaybv5lkdqcea",
            "route_table_id": null,
            "state": "AVAILABLE",
            "time_created": "2026-01-27 21:47:47.904 +0000 UTC",
            "timeouts": null,
            "vcn_id": "ocid1.vcn.oc1.phx.amaaaaaaucmg5yaaqqjjopklen5am3quhuek2hyczc6dcof3lpqsw2m2nkyq"
          },
          "sensitive_attributes": [],
          "identity_schema_version": 0,
          "private": "eyJlMmJmYjczMC1lY2FhLTExZTYtOGY4OC0zNDM2M2JjN2M0YzAiOnsiY3JlYXRlIjoxMjAwMDAwMDAwMDAwLCJkZWxldGUiOjEyMDAwMDAwMDAwMDAsInVwZGF0ZSI6MTIwMDAwMDAwMDAwMH19",
          "dependencies": [
            "oci_core_vcn.this"
          ]
        }
      ]
    },
    {
      "mode": "managed",
      "type": "oci_core_route_table",
      "name": "private_rt",
      "provider": "provider[\"registry.terraform.io/oracle/oci\"]",
      "instances": [
        {
          "schema_version": 0,
          "attributes": {
            "compartment_id": "ocid1.tenancy.oc1..aaaaaaaarnrgcvyg3cirwqaxisiexplp3igeehmvpqfc2mzohckp7km6fv5q",
            "defined_tags": {
              "Oracle-Tags.CreatedBy": "default/lance_johnston@yahoo.com",
              "Oracle-Tags.CreatedOn": "2026-01-27T21:48:27.119Z"
            },
            "display_name": "private_rt",
            "freeform_tags": {},
            "id": "ocid1.routetable.oc1.phx.aaaaaaaamfxz3hmlsnpripy42o4ouou6q5md7ihzzpdwzdnhvl3ha2jk7nza",
            "route_rules": [
              {
                "cidr_block": "",
                "description": "",
                "destination": "0.0.0.0/0",
                "destination_type": "CIDR_BLOCK",
                "network_entity_id": "ocid1.privateip.oc1.phx.abyhqljtwsrmahz6udyrpntvkipofijarrj45agdz3c4mpf4cncj2witib4q",
                "route_type": "STATIC"
              }
            ],
            "state": "AVAILABLE",
            "time_created": "2026-01-27 21:48:27.137 +0000 UTC",
            "timeouts": null,
            "vcn_id": "ocid1.vcn.oc1.phx.amaaaaaaucmg5yaaqqjjopklen5am3quhuek2hyczc6dcof3lpqsw2m2nkyq"
          },
          "sensitive_attributes": [],
          "identity_schema_version": 0,
          "private": "eyJlMmJmYjczMC1lY2FhLTExZTYtOGY4OC0zNDM2M2JjN2M0YzAiOnsiY3JlYXRlIjoxMjAwMDAwMDAwMDAwLCJkZWxldGUiOjEyMDAwMDAwMDAwMDAsInVwZGF0ZSI6MTIwMDAwMDAwMDAwMH19",
          "dependencies": [
            "data.oci_core_images.ubuntu",
            "data.oci_core_private_ips.nat_private_ips",
            "data.oci_core_vnic.nat_vnic",
            "data.oci_core_vnic_attachments.nat_vnic_attachments",
            "oci_core_instance.nat",
            "oci_core_internet_gateway.igw",
            "oci_core_route_table.public_rt",
            "oci_core_subnet.public",
            "oci_core_vcn.this"
          ]
        }
      ]
    },
    {
      "mode": "managed",
      "type": "oci_core_route_table",
      "name": "public_rt",
      "provider": "provider[\"registry.terraform.io/oracle/oci\"]",
      "instances": [
        {
          "schema_version": 0,
          "attributes": {
            "compartment_id": "ocid1.tenancy.oc1..aaaaaaaarnrgcvyg3cirwqaxisiexplp3igeehmvpqfc2mzohckp7km6fv5q",
            "defined_tags": {
              "Oracle-Tags.CreatedBy": "default/lance_johnston@yahoo.com",
              "Oracle-Tags.CreatedOn": "2026-01-27T21:47:48.497Z"
            },
            "display_name": "public_rt",
            "freeform_tags": {},
            "id": "ocid1.routetable.oc1.phx.aaaaaaaarrlvx6ng4m26n6dwt5cegqrbdhztkhyvuiasocmoz2pjxpjodmjq",
            "route_rules": [
              {
                "cidr_block": "",
                "description": "",
                "destination": "0.0.0.0/0",
                "destination_type": "CIDR_BLOCK",
                "network_entity_id": "ocid1.internetgateway.oc1.phx.aaaaaaaa3b5fz3nd5toppctwx242a6dslwasmdjtcg5q2xtwaybv5lkdqcea",
                "route_type": "STATIC"
              }
            ],
            "state": "AVAILABLE",
            "time_created": "2026-01-27 21:47:48.524 +0000 UTC",
            "timeouts": null,
            "vcn_id": "ocid1.vcn.oc1.phx.amaaaaaaucmg5yaaqqjjopklen5am3quhuek2hyczc6dcof3lpqsw2m2nkyq"
          },
          "sensitive_attributes": [],
          "identity_schema_version": 0,
          "private": "eyJlMmJmYjczMC1lY2FhLTExZTYtOGY4OC0zNDM2M2JjN2M0YzAiOnsiY3JlYXRlIjoxMjAwMDAwMDAwMDAwLCJkZWxldGUiOjEyMDAwMDAwMDAwMDAsInVwZGF0ZSI6MTIwMDAwMDAwMDAwMH19",
          "dependencies": [
            "oci_core_internet_gateway.igw",
            "oci_core_vcn.this"
          ]
        }
      ]
    },
    {
      "mode": "managed",
      "type": "oci_core_security_list",
      "name": "private_sl",
      "provider": "provider[\"registry.terraform.io/oracle/oci\"]",
      "instances": [
        {
          "schema_version": 0,
          "attributes": {
            "compartment_id": "ocid1.tenancy.oc1..aaaaaaaarnrgcvyg3cirwqaxisiexplp3igeehmvpqfc2mzohckp7km6fv5q",
            "defined_tags": {
              "Oracle-Tags.CreatedBy": "default/lance_johnston@yahoo.com",
              "Oracle-Tags.CreatedOn": "2026-01-27T21:47:47.886Z"
            },
            "display_name": "private_subnet_security_list",
            "egress_security_rules": [
              {
                "description": "",
                "destination": "0.0.0.0/0",
                "destination_type": "CIDR_BLOCK",
                "icmp_options": [],
                "protocol": "all",
                "stateless": false,
                "tcp_options": [],
                "udp_options": []
              }
            ],
            "freeform_tags": {},
            "id": "ocid1.securitylist.oc1.phx.aaaaaaaajb6d7ddmsbchfzhogqoexk7b5d42x7dna5df2oaxasvzzuncmlca",
            "ingress_security_rules": [
              {
                "description": "",
                "icmp_options": [],
                "protocol": "6",
                "source": "10.0.0.0/16",
                "source_type": "CIDR_BLOCK",
                "stateless": false,
                "tcp_options": [
                  {
                    "max": 22,
                    "min": 22,
                    "source_port_range": []
                  }
                ],
                "udp_options": []
              },
              {
                "description": "",
                "icmp_options": [],
                "protocol": "6",
                "source": "10.0.0.0/16",
                "source_type": "CIDR_BLOCK",
                "stateless": false,
                "tcp_options": [
                  {
                    "max": 80,
                    "min": 80,
                    "source_port_range": []
                  }
                ],
                "udp_options": []
              }
            ],
            "state": "AVAILABLE",
            "time_created": "2026-01-27 21:47:47.915 +0000 UTC",
            "timeouts": null,
            "vcn_id": "ocid1.vcn.oc1.phx.amaaaaaaucmg5yaaqqjjopklen5am3quhuek2hyczc6dcof3lpqsw2m2nkyq"
          },
          "sensitive_attributes": [],
          "identity_schema_version": 0,
          "private": "eyJlMmJmYjczMC1lY2FhLTExZTYtOGY4OC0zNDM2M2JjN2M0YzAiOnsiY3JlYXRlIjoxMjAwMDAwMDAwMDAwLCJkZWxldGUiOjEyMDAwMDAwMDAwMDAsInVwZGF0ZSI6MTIwMDAwMDAwMDAwMH19",
          "dependencies": [
            "oci_core_vcn.this"
          ]
        }
      ]
    },
    {
      "mode": "managed",
      "type": "oci_core_subnet",
      "name": "private",
      "provider": "provider[\"registry.terraform.io/oracle/oci\"]",
      "instances": [
        {
          "schema_version": 0,
          "attributes": {
            "availability_domain": null,
            "cidr_block": "10.0.1.0/24",
            "compartment_id": "ocid1.tenancy.oc1..aaaaaaaarnrgcvyg3cirwqaxisiexplp3igeehmvpqfc2mzohckp7km6fv5q",
            "defined_tags": {
              "Oracle-Tags.CreatedBy": "default/lance_johnston@yahoo.com",
              "Oracle-Tags.CreatedOn": "2026-01-27T21:48:27.656Z"
            },
            "dhcp_options_id": "ocid1.dhcpoptions.oc1.phx.aaaaaaaafzdatav3e7vva37fvpy2dtmfznv3k2hffx7psip5cjnkfu2gxgjq",
            "display_name": "private-subnet",
            "dns_label": "private",
            "freeform_tags": {},
            "id": "ocid1.subnet.oc1.phx.aaaaaaaaff5at5qu5lyrjayl227iew7nsbp7tzde4kn7gjkzagl4oq2xssfa",
            "ipv4cidr_blocks": [
              "10.0.1.0/24"
            ],
            "ipv6cidr_block": null,
            "ipv6cidr_blocks": [],
            "ipv6virtual_router_ip": null,
            "prohibit_internet_ingress": true,
            "prohibit_public_ip_on_vnic": true,
            "route_table_id": "ocid1.routetable.oc1.phx.aaaaaaaamfxz3hmlsnpripy42o4ouou6q5md7ihzzpdwzdnhvl3ha2jk7nza",
            "security_list_ids": [
              "ocid1.securitylist.oc1.phx.aaaaaaaajb6d7ddmsbchfzhogqoexk7b5d42x7dna5df2oaxasvzzuncmlca"
            ],
            "state": "AVAILABLE",
            "subnet_domain_name": "private.devvcn.oraclevcn.com",
            "time_created": "2026-01-27 21:48:27.696 +0000 UTC",
            "timeouts": null,
            "vcn_id": "ocid1.vcn.oc1.phx.amaaaaaaucmg5yaaqqjjopklen5am3quhuek2hyczc6dcof3lpqsw2m2nkyq",
            "virtual_router_ip": "10.0.1.1",
            "virtual_router_mac": "00:00:17:66:83:94"
          },
          "sensitive_attributes": [],
          "identity_schema_version": 0,
          "private": "eyJlMmJmYjczMC1lY2FhLTExZTYtOGY4OC0zNDM2M2JjN2M0YzAiOnsiY3JlYXRlIjoxMjAwMDAwMDAwMDAwLCJkZWxldGUiOjEyMDAwMDAwMDAwMDAsInVwZGF0ZSI6MTIwMDAwMDAwMDAwMH19",
          "dependencies": [
            "data.oci_core_images.ubuntu",
            "data.oci_core_private_ips.nat_private_ips",
            "data.oci_core_vnic.nat_vnic",
            "data.oci_core_vnic_attachments.nat_vnic_attachments",
            "oci_core_instance.nat",
            "oci_core_internet_gateway.igw",
            "oci_core_route_table.private_rt",
            "oci_core_route_table.public_rt",
            "oci_core_security_list.private_sl",
            "oci_core_subnet.public",
            "oci_core_vcn.this"
          ]
        }
      ]
    },
    {
      "mode": "managed",
      "type": "oci_core_subnet",
      "name": "public",
      "provider": "provider[\"registry.terraform.io/oracle/oci\"]",
      "instances": [
        {
          "schema_version": 0,
          "attributes": {
            "availability_domain": null,
            "cidr_block": "10.0.0.0/24",
            "compartment_id": "ocid1.tenancy.oc1..aaaaaaaarnrgcvyg3cirwqaxisiexplp3igeehmvpqfc2mzohckp7km6fv5q",
            "defined_tags": {
              "Oracle-Tags.CreatedBy": "default/lance_johnston@yahoo.com",
              "Oracle-Tags.CreatedOn": "2026-01-27T21:47:48.966Z"
            },
            "dhcp_options_id": "ocid1.dhcpoptions.oc1.phx.aaaaaaaafzdatav3e7vva37fvpy2dtmfznv3k2hffx7psip5cjnkfu2gxgjq",
            "display_name": "public-subnet",
            "dns_label": null,
            "freeform_tags": {},
            "id": "ocid1.subnet.oc1.phx.aaaaaaaaw365cdb334jzr2m2kgt2dkzalicwxq5fbemkvghbwxkiktxqxewq",
            "ipv4cidr_blocks": [
              "10.0.0.0/24"
            ],
            "ipv6cidr_block": null,
            "ipv6cidr_blocks": [],
            "ipv6virtual_router_ip": null,
            "prohibit_internet_ingress": false,
            "prohibit_public_ip_on_vnic": false,
            "route_table_id": "ocid1.routetable.oc1.phx.aaaaaaaarrlvx6ng4m26n6dwt5cegqrbdhztkhyvuiasocmoz2pjxpjodmjq",
            "security_list_ids": [
              "ocid1.securitylist.oc1.phx.aaaaaaaao5ix4uyiunm54zmyr6ugbqxoxueutb2uvwxhjzx4ixzgvoqor57a"
            ],
            "state": "AVAILABLE",
            "subnet_domain_name": null,
            "time_created": "2026-01-27 21:47:49.003 +0000 UTC",
            "timeouts": null,
            "vcn_id": "ocid1.vcn.oc1.phx.amaaaaaaucmg5yaaqqjjopklen5am3quhuek2hyczc6dcof3lpqsw2m2nkyq",
            "virtual_router_ip": "10.0.0.1",
            "virtual_router_mac": "00:00:17:66:83:94"
          },
          "sensitive_attributes": [],
          "identity_schema_version": 0,
          "private": "eyJlMmJmYjczMC1lY2FhLTExZTYtOGY4OC0zNDM2M2JjN2M0YzAiOnsiY3JlYXRlIjoxMjAwMDAwMDAwMDAwLCJkZWxldGUiOjEyMDAwMDAwMDAwMDAsInVwZGF0ZSI6MTIwMDAwMDAwMDAwMH19",
          "dependencies": [
            "oci_core_internet_gateway.igw",
            "oci_core_route_table.public_rt",
            "oci_core_vcn.this"
          ]
        }
      ]
    },
    {
      "mode": "managed",
      "type": "oci_core_vcn",
      "name": "this",
      "provider": "provider[\"registry.terraform.io/oracle/oci\"]",
      "instances": [
        {
          "schema_version": 0,
          "attributes": {
            "byoipv6cidr_blocks": [],
            "byoipv6cidr_details": null,
            "cidr_block": "10.0.0.0/16",
            "cidr_blocks": [
              "10.0.0.0/16"
            ],
            "compartment_id": "ocid1.tenancy.oc1..aaaaaaaarnrgcvyg3cirwqaxisiexplp3igeehmvpqfc2mzohckp7km6fv5q",
            "default_dhcp_options_id": "ocid1.dhcpoptions.oc1.phx.aaaaaaaafzdatav3e7vva37fvpy2dtmfznv3k2hffx7psip5cjnkfu2gxgjq",
            "default_route_table_id": "ocid1.routetable.oc1.phx.aaaaaaaapr73snr55u7bo6fpmvcq2gnmk77pe5npb3o4kf6gsjg3i3wke4xa",
            "default_security_list_id": "ocid1.securitylist.oc1.phx.aaaaaaaao5ix4uyiunm54zmyr6ugbqxoxueutb2uvwxhjzx4ixzgvoqor57a",
            "defined_tags": {
              "Oracle-Tags.CreatedBy": "default/lance_johnston@yahoo.com",
              "Oracle-Tags.CreatedOn": "2026-01-27T21:47:46.981Z"
            },
            "display_name": "dev-vcn",
            "dns_label": "devvcn",
            "freeform_tags": {},
            "id": "ocid1.vcn.oc1.phx.amaaaaaaucmg5yaaqqjjopklen5am3quhuek2hyczc6dcof3lpqsw2m2nkyq",
            "ipv6cidr_blocks": [],
            "ipv6private_cidr_blocks": [],
            "is_ipv6enabled": false,
            "is_oracle_gua_allocation_enabled": null,
            "security_attributes": {},
            "state": "AVAILABLE",
            "time_created": "2026-01-27 21:47:47.033 +0000 UTC",
            "timeouts": null,
            "vcn_domain_name": "devvcn.oraclevcn.com"
          },
          "sensitive_attributes": [],
          "identity_schema_version": 0,
          "private": "eyJlMmJmYjczMC1lY2FhLTExZTYtOGY4OC0zNDM2M2JjN2M0YzAiOnsiY3JlYXRlIjoxMjAwMDAwMDAwMDAwLCJkZWxldGUiOjEyMDAwMDAwMDAwMDAsInVwZGF0ZSI6MTIwMDAwMDAwMDAwMH19"
        }
      ]
    },
    {
      "mode": "managed",
      "type": "oci_core_volume",
      "name": "volumes",
      "provider": "provider[\"registry.terraform.io/oracle/oci\"]",
      "instances": [
        {
          "index_key": "disk1",
          "schema_version": 0,
          "attributes": {
            "auto_tuned_vpus_per_gb": null,
            "autotune_policies": [],
            "availability_domain": "moIN:PHX-AD-3",
            "backup_policy_id": null,
            "block_volume_replicas": [],
            "block_volume_replicas_deletion": null,
            "cluster_placement_group_id": null,
            "compartment_id": "ocid1.tenancy.oc1..aaaaaaaarnrgcvyg3cirwqaxisiexplp3igeehmvpqfc2mzohckp7km6fv5q",
            "defined_tags": {
              "Oracle-Tags.CreatedBy": "default/lance_johnston@yahoo.com",
              "Oracle-Tags.CreatedOn": "2026-01-27T21:47:47.046Z"
            },
            "display_name": "data",
            "freeform_tags": {},
            "id": "ocid1.volume.oc1.phx.abyhqljtahqn75lkjrva42qdyzovonrex3jqwpep42nf7r3kxhtaqb56pbgq",
            "is_auto_tune_enabled": false,
            "is_hydrated": true,
            "is_reservations_enabled": false,
            "kms_key_id": null,
            "size_in_gbs": "50",
            "size_in_mbs": "51200",
            "source_details": [],
            "state": "AVAILABLE",
            "system_tags": {
              "orcl-cloud.free-tier-retained": "true"
            },
            "time_created": "2026-01-27 21:47:47.058 +0000 UTC",
            "timeouts": null,
            "volume_backup_id": null,
            "volume_group_id": null,
            "vpus_per_gb": "10",
            "xrc_kms_key_id": null
          },
          "sensitive_attributes": [],
          "identity_schema_version": 0,
          "private": "eyJlMmJmYjczMC1lY2FhLTExZTYtOGY4OC0zNDM2M2JjN2M0YzAiOnsiY3JlYXRlIjoxMjAwMDAwMDAwMDAwLCJkZWxldGUiOjEyMDAwMDAwMDAwMDAsInVwZGF0ZSI6MTIwMDAwMDAwMDAwMH19"
        },
        {
          "index_key": "disk2",
          "schema_version": 0,
          "attributes": {
            "auto_tuned_vpus_per_gb": null,
            "autotune_policies": [],
            "availability_domain": "moIN:PHX-AD-3",
            "backup_policy_id": null,
            "block_volume_replicas": [],
            "block_volume_replicas_deletion": null,
            "cluster_placement_group_id": null,
            "compartment_id": "ocid1.tenancy.oc1..aaaaaaaarnrgcvyg3cirwqaxisiexplp3igeehmvpqfc2mzohckp7km6fv5q",
            "defined_tags": {
              "Oracle-Tags.CreatedBy": "default/lance_johnston@yahoo.com",
              "Oracle-Tags.CreatedOn": "2026-01-27T21:47:47.018Z"
            },
            "display_name": "snapraid_parity",
            "freeform_tags": {},
            "id": "ocid1.volume.oc1.phx.abyhqljtjdvfar5qb6gu7qlnbaxzwg7tv5eimhz2nzf2dcuuj3dgr4zbm6zq",
            "is_auto_tune_enabled": false,
            "is_hydrated": true,
            "is_reservations_enabled": false,
            "kms_key_id": null,
            "size_in_gbs": "50",
            "size_in_mbs": "51200",
            "source_details": [],
            "state": "AVAILABLE",
            "system_tags": {
              "orcl-cloud.free-tier-retained": "true"
            },
            "time_created": "2026-01-27 21:47:47.028 +0000 UTC",
            "timeouts": null,
            "volume_backup_id": null,
            "volume_group_id": null,
            "vpus_per_gb": "10",
            "xrc_kms_key_id": null
          },
          "sensitive_attributes": [],
          "identity_schema_version": 0,
          "private": "eyJlMmJmYjczMC1lY2FhLTExZTYtOGY4OC0zNDM2M2JjN2M0YzAiOnsiY3JlYXRlIjoxMjAwMDAwMDAwMDAwLCJkZWxldGUiOjEyMDAwMDAwMDAwMDAsInVwZGF0ZSI6MTIwMDAwMDAwMDAwMH19"
        },
        {
          "index_key": "disk3",
          "schema_version": 0,
          "attributes": {
            "auto_tuned_vpus_per_gb": null,
            "autotune_policies": [],
            "availability_domain": "moIN:PHX-AD-3",
            "backup_policy_id": null,
            "block_volume_replicas": [],
            "block_volume_replicas_deletion": null,
            "cluster_placement_group_id": null,
            "compartment_id": "ocid1.tenancy.oc1..aaaaaaaarnrgcvyg3cirwqaxisiexplp3igeehmvpqfc2mzohckp7km6fv5q",
            "defined_tags": {
              "Oracle-Tags.CreatedBy": "default/lance_johnston@yahoo.com",
              "Oracle-Tags.CreatedOn": "2026-01-27T21:47:47.072Z"
            },
            "display_name": "snapraid_data1",
            "freeform_tags": {},
            "id": "ocid1.volume.oc1.phx.abyhqljtszoe3l6rkkvl6mfapjocpmnsr33tzbis2rjgprm3kjmjwbmhryiq",
            "is_auto_tune_enabled": false,
            "is_hydrated": true,
            "is_reservations_enabled": false,
            "kms_key_id": null,
            "size_in_gbs": "50",
            "size_in_mbs": "51200",
            "source_details": [],
            "state": "AVAILABLE",
            "system_tags": {
              "orcl-cloud.free-tier-retained": "true"
            },
            "time_created": "2026-01-27 21:47:47.08 +0000 UTC",
            "timeouts": null,
            "volume_backup_id": null,
            "volume_group_id": null,
            "vpus_per_gb": "10",
            "xrc_kms_key_id": null
          },
          "sensitive_attributes": [],
          "identity_schema_version": 0,
          "private": "eyJlMmJmYjczMC1lY2FhLTExZTYtOGY4OC0zNDM2M2JjN2M0YzAiOnsiY3JlYXRlIjoxMjAwMDAwMDAwMDAwLCJkZWxldGUiOjEyMDAwMDAwMDAwMDAsInVwZGF0ZSI6MTIwMDAwMDAwMDAwMH19"
        },
        {
          "index_key": "disk4",
          "schema_version": 0,
          "attributes": {
            "auto_tuned_vpus_per_gb": null,
            "autotune_policies": [],
            "availability_domain": "moIN:PHX-AD-3",
            "backup_policy_id": null,
            "block_volume_replicas": [],
            "block_volume_replicas_deletion": null,
            "cluster_placement_group_id": null,
            "compartment_id": "ocid1.tenancy.oc1..aaaaaaaarnrgcvyg3cirwqaxisiexplp3igeehmvpqfc2mzohckp7km6fv5q",
            "defined_tags": {
              "Oracle-Tags.CreatedBy": "default/lance_johnston@yahoo.com",
              "Oracle-Tags.CreatedOn": "2026-01-27T21:47:47.079Z"
            },
            "display_name": "snapraid_data2",
            "freeform_tags": {},
            "id": "ocid1.volume.oc1.phx.abyhqljtbjzi4j6ztldcw7ubjcwkfqbigtt3jodogdeahmja27zxnguvdq3q",
            "is_auto_tune_enabled": false,
            "is_hydrated": true,
            "is_reservations_enabled": false,
            "kms_key_id": null,
            "size_in_gbs": "50",
            "size_in_mbs": "51200",
            "source_details": [],
            "state": "AVAILABLE",
            "system_tags": {
              "orcl-cloud.free-tier-retained": "true"
            },
            "time_created": "2026-01-27 21:47:47.086 +0000 UTC",
            "timeouts": null,
            "volume_backup_id": null,
            "volume_group_id": null,
            "vpus_per_gb": "10",
            "xrc_kms_key_id": null
          },
          "sensitive_attributes": [],
          "identity_schema_version": 0,
          "private": "eyJlMmJmYjczMC1lY2FhLTExZTYtOGY4OC0zNDM2M2JjN2M0YzAiOnsiY3JlYXRlIjoxMjAwMDAwMDAwMDAwLCJkZWxldGUiOjEyMDAwMDAwMDAwMDAsInVwZGF0ZSI6MTIwMDAwMDAwMDAwMH19"
        }
      ]
    },
    {
      "mode": "managed",
      "type": "oci_core_volume_attachment",
      "name": "data_volume_attach",
      "provider": "provider[\"registry.terraform.io/oracle/oci\"]",
      "instances": [
        {
          "index_key": "disk1",
          "schema_version": 0,
          "attributes": {
            "attachment_type": "paravirtualized",
            "availability_domain": "moIN:PHX-AD-3",
            "chap_secret": null,
            "chap_username": null,
            "compartment_id": "ocid1.tenancy.oc1..aaaaaaaarnrgcvyg3cirwqaxisiexplp3igeehmvpqfc2mzohckp7km6fv5q",
            "device": null,
            "display_name": "volumeattachment20260127214907",
            "encryption_in_transit_type": null,
            "id": "ocid1.volumeattachment.oc1.phx.anyhqljtucmg5yacn25mnzljqhul3ennan225uzqmyk45hqmrjsl2unejxca",
            "instance_id": "ocid1.instance.oc1.phx.anyhqljtucmg5yacgtx3mdigheeoeu22ffm5hiecwbtmzc6ra7umfmtll3gq",
            "ipv4": null,
            "iqn": null,
            "is_agent_auto_iscsi_login_enabled": null,
            "is_multipath": null,
            "is_pv_encryption_in_transit_enabled": false,
            "is_read_only": false,
            "is_shareable": false,
            "is_volume_created_during_launch": false,
            "iscsi_login_state": "",
            "multipath_devices": [],
            "port": null,
            "state": "ATTACHED",
            "time_created": "2026-01-27 21:49:07.209 +0000 UTC",
            "timeouts": null,
            "use_chap": null,
            "volume_id": "ocid1.volume.oc1.phx.abyhqljtahqn75lkjrva42qdyzovonrex3jqwpep42nf7r3kxhtaqb56pbgq"
          },
          "sensitive_attributes": [],
          "identity_schema_version": 0,
          "private": "eyJlMmJmYjczMC1lY2FhLTExZTYtOGY4OC0zNDM2M2JjN2M0YzAiOnsiY3JlYXRlIjoxMjAwMDAwMDAwMDAwLCJkZWxldGUiOjEyMDAwMDAwMDAwMDAsInVwZGF0ZSI6MTIwMDAwMDAwMDAwMH19",
          "dependencies": [
            "data.oci_core_images.ubuntu",
            "data.oci_core_private_ips.nat_private_ips",
            "data.oci_core_vnic.nat_vnic",
            "data.oci_core_vnic_attachments.nat_vnic_attachments",
            "oci_core_instance.app",
            "oci_core_instance.nat",
            "oci_core_internet_gateway.igw",
            "oci_core_route_table.private_rt",
            "oci_core_route_table.public_rt",
            "oci_core_security_list.private_sl",
            "oci_core_subnet.private",
            "oci_core_subnet.public",
            "oci_core_vcn.this",
            "oci_core_volume.volumes"
          ]
        },
        {
          "index_key": "disk2",
          "schema_version": 0,
          "attributes": {
            "attachment_type": "paravirtualized",
            "availability_domain": "moIN:PHX-AD-3",
            "chap_secret": null,
            "chap_username": null,
            "compartment_id": "ocid1.tenancy.oc1..aaaaaaaarnrgcvyg3cirwqaxisiexplp3igeehmvpqfc2mzohckp7km6fv5q",
            "device": null,
            "display_name": "volumeattachment20260127214907",
            "encryption_in_transit_type": null,
            "id": "ocid1.volumeattachment.oc1.phx.anyhqljtucmg5yacf572khqo5zdcwarfo35rgqfn3rxw4xr6fpgy7gginjdq",
            "instance_id": "ocid1.instance.oc1.phx.anyhqljtucmg5yacgtx3mdigheeoeu22ffm5hiecwbtmzc6ra7umfmtll3gq",
            "ipv4": null,
            "iqn": null,
            "is_agent_auto_iscsi_login_enabled": null,
            "is_multipath": null,
            "is_pv_encryption_in_transit_enabled": false,
            "is_read_only": false,
            "is_shareable": false,
            "is_volume_created_during_launch": false,
            "iscsi_login_state": "",
            "multipath_devices": [],
            "port": null,
            "state": "ATTACHED",
            "time_created": "2026-01-27 21:49:07.439 +0000 UTC",
            "timeouts": null,
            "use_chap": null,
            "volume_id": "ocid1.volume.oc1.phx.abyhqljtjdvfar5qb6gu7qlnbaxzwg7tv5eimhz2nzf2dcuuj3dgr4zbm6zq"
          },
          "sensitive_attributes": [],
          "identity_schema_version": 0,
          "private": "eyJlMmJmYjczMC1lY2FhLTExZTYtOGY4OC0zNDM2M2JjN2M0YzAiOnsiY3JlYXRlIjoxMjAwMDAwMDAwMDAwLCJkZWxldGUiOjEyMDAwMDAwMDAwMDAsInVwZGF0ZSI6MTIwMDAwMDAwMDAwMH19",
          "dependencies": [
            "data.oci_core_images.ubuntu",
            "data.oci_core_private_ips.nat_private_ips",
            "data.oci_core_vnic.nat_vnic",
            "data.oci_core_vnic_attachments.nat_vnic_attachments",
            "oci_core_instance.app",
            "oci_core_instance.nat",
            "oci_core_internet_gateway.igw",
            "oci_core_route_table.private_rt",
            "oci_core_route_table.public_rt",
            "oci_core_security_list.private_sl",
            "oci_core_subnet.private",
            "oci_core_subnet.public",
            "oci_core_vcn.this",
            "oci_core_volume.volumes"
          ]
        },
        {
          "index_key": "disk3",
          "schema_version": 0,
          "attributes": {
            "attachment_type": "paravirtualized",
            "availability_domain": "moIN:PHX-AD-3",
            "chap_secret": null,
            "chap_username": null,
            "compartment_id": "ocid1.tenancy.oc1..aaaaaaaarnrgcvyg3cirwqaxisiexplp3igeehmvpqfc2mzohckp7km6fv5q",
            "device": null,
            "display_name": "volumeattachment20260127214907",
            "encryption_in_transit_type": null,
            "id": "ocid1.volumeattachment.oc1.phx.anyhqljtucmg5yackh22brhio25tuylaxotwwiybk73sy4vtybdt3344vhtq",
            "instance_id": "ocid1.instance.oc1.phx.anyhqljtucmg5yacgtx3mdigheeoeu22ffm5hiecwbtmzc6ra7umfmtll3gq",
            "ipv4": null,
            "iqn": null,
            "is_agent_auto_iscsi_login_enabled": null,
            "is_multipath": null,
            "is_pv_encryption_in_transit_enabled": false,
            "is_read_only": false,
            "is_shareable": false,
            "is_volume_created_during_launch": false,
            "iscsi_login_state": "",
            "multipath_devices": [],
            "port": null,
            "state": "ATTACHED",
            "time_created": "2026-01-27 21:49:07.393 +0000 UTC",
            "timeouts": null,
            "use_chap": null,
            "volume_id": "ocid1.volume.oc1.phx.abyhqljtszoe3l6rkkvl6mfapjocpmnsr33tzbis2rjgprm3kjmjwbmhryiq"
          },
          "sensitive_attributes": [],
          "identity_schema_version": 0,
          "private": "eyJlMmJmYjczMC1lY2FhLTExZTYtOGY4OC0zNDM2M2JjN2M0YzAiOnsiY3JlYXRlIjoxMjAwMDAwMDAwMDAwLCJkZWxldGUiOjEyMDAwMDAwMDAwMDAsInVwZGF0ZSI6MTIwMDAwMDAwMDAwMH19",
          "dependencies": [
            "data.oci_core_images.ubuntu",
            "data.oci_core_private_ips.nat_private_ips",
            "data.oci_core_vnic.nat_vnic",
            "data.oci_core_vnic_attachments.nat_vnic_attachments",
            "oci_core_instance.app",
            "oci_core_instance.nat",
            "oci_core_internet_gateway.igw",
            "oci_core_route_table.private_rt",
            "oci_core_route_table.public_rt",
            "oci_core_security_list.private_sl",
            "oci_core_subnet.private",
            "oci_core_subnet.public",
            "oci_core_vcn.this",
            "oci_core_volume.volumes"
          ]
        },
        {
          "index_key": "disk4",
          "schema_version": 0,
          "attributes": {
            "attachment_type": "paravirtualized",
            "availability_domain": "moIN:PHX-AD-3",
            "chap_secret": null,
            "chap_username": null,
            "compartment_id": "ocid1.tenancy.oc1..aaaaaaaarnrgcvyg3cirwqaxisiexplp3igeehmvpqfc2mzohckp7km6fv5q",
            "device": null,
            "display_name": "volumeattachment20260127214907",
            "encryption_in_transit_type": null,
            "id": "ocid1.volumeattachment.oc1.phx.anyhqljtucmg5yaceetdi2l3ra3umugb3dhk6gpvlz3s6q5dc7rplshl3zya",
            "instance_id": "ocid1.instance.oc1.phx.anyhqljtucmg5yacgtx3mdigheeoeu22ffm5hiecwbtmzc6ra7umfmtll3gq",
            "ipv4": null,
            "iqn": null,
            "is_agent_auto_iscsi_login_enabled": null,
            "is_multipath": null,
            "is_pv_encryption_in_transit_enabled": false,
            "is_read_only": false,
            "is_shareable": false,
            "is_volume_created_during_launch": false,
            "iscsi_login_state": "",
            "multipath_devices": [],
            "port": null,
            "state": "ATTACHED",
            "time_created": "2026-01-27 21:49:07.786 +0000 UTC",
            "timeouts": null,
            "use_chap": null,
            "volume_id": "ocid1.volume.oc1.phx.abyhqljtbjzi4j6ztldcw7ubjcwkfqbigtt3jodogdeahmja27zxnguvdq3q"
          },
          "sensitive_attributes": [],
          "identity_schema_version": 0,
          "private": "eyJlMmJmYjczMC1lY2FhLTExZTYtOGY4OC0zNDM2M2JjN2M0YzAiOnsiY3JlYXRlIjoxMjAwMDAwMDAwMDAwLCJkZWxldGUiOjEyMDAwMDAwMDAwMDAsInVwZGF0ZSI6MTIwMDAwMDAwMDAwMH19",
          "dependencies": [
            "data.oci_core_images.ubuntu",
            "data.oci_core_private_ips.nat_private_ips",
            "data.oci_core_vnic.nat_vnic",
            "data.oci_core_vnic_attachments.nat_vnic_attachments",
            "oci_core_instance.app",
            "oci_core_instance.nat",
            "oci_core_internet_gateway.igw",
            "oci_core_route_table.private_rt",
            "oci_core_route_table.public_rt",
            "oci_core_security_list.private_sl",
            "oci_core_subnet.private",
            "oci_core_subnet.public",
            "oci_core_vcn.this",
            "oci_core_volume.volumes"
          ]
        }
      ]
    }
  ],
  "check_results": null
}
